lockfileVersion: 5.4

specifiers:
  '@types/react': ^18.0.15
  ahooks: ^3.6.2
  react: ^18.2.0
  react-dom: ^18.2.0
  react-intl: ^6.0.5

dependencies:
  ahooks: 3.6.2_react@18.2.0
  react: 18.2.0
  react-dom: 18.2.0_react@18.2.0
  react-intl: 6.0.5_react@18.2.0

devDependencies:
  '@types/react': 18.0.15

packages:

  /@formatjs/ecma402-abstract/1.11.8:
    resolution: {integrity: sha512-fgLqyWlwmTEuqV/TSLEL/t9JOmHNLFvCdgzXB0jc2w+WOItPCOJ1T0eyN6fQBQKRPfSqqNlu+kWj7ijcOVTVVQ==}
    dependencies:
      '@formatjs/intl-localematcher': 0.2.28
      tslib: 2.4.0
    dev: false

  /@formatjs/fast-memoize/1.2.4:
    resolution: {integrity: sha512-9ARYoLR8AEzXvj2nYrOVHY/h1dDMDWGTnKDLXSISF1uoPakSmfcZuSqjiqZX2wRkEUimPxdwTu/agyozBtZRHA==}
    dependencies:
      tslib: 2.4.0
    dev: false

  /@formatjs/icu-messageformat-parser/2.1.4:
    resolution: {integrity: sha512-3PqMvKWV1oyok0BuiXUAHIaotdhdTJw6OICqCZbfUgKT+ZRwRWO4IlCgvXJeCITaKS5p+PY0XXKjf/vUyIpWjQ==}
    dependencies:
      '@formatjs/ecma402-abstract': 1.11.8
      '@formatjs/icu-skeleton-parser': 1.3.10
      tslib: 2.4.0
    dev: false

  /@formatjs/icu-skeleton-parser/1.3.10:
    resolution: {integrity: sha512-kXJmtLDqFF5aLTf8IxdJXnhrIX1Qb4Qp3a9jqRecGDYfzOa9hMhi9U0nKyhrJJ4cXxBzptcgb+LWkyeHL6nlBQ==}
    dependencies:
      '@formatjs/ecma402-abstract': 1.11.8
      tslib: 2.4.0
    dev: false

  /@formatjs/intl-displaynames/6.0.3:
    resolution: {integrity: sha512-Mxh6W1VOlmiEvO/QPBrBQHlXrIn5VxjJWyyEI0V7ZHNGl0ee8AjSlq7vIJG8GodRJqGUuutF6N3OB/6qFv0YWg==}
    dependencies:
      '@formatjs/ecma402-abstract': 1.11.8
      '@formatjs/intl-localematcher': 0.2.28
      tslib: 2.4.0
    dev: false

  /@formatjs/intl-listformat/7.0.3:
    resolution: {integrity: sha512-ampNLRGZl/08epHa3i5sRmcHGLneC6JrknexbbgnexYFNSmJ6AbL/dCzgrQzw2Efl+5AZK7UbNFxcDYY3RePvw==}
    dependencies:
      '@formatjs/ecma402-abstract': 1.11.8
      '@formatjs/intl-localematcher': 0.2.28
      tslib: 2.4.0
    dev: false

  /@formatjs/intl-localematcher/0.2.28:
    resolution: {integrity: sha512-FLsc6Gifs1np/8HnCn/7Q+lHMmenrD5fuDhRT82yj0gi9O19kfaFwjQUw1gZsyILuRyT93GuzdifHj7TKRhBcw==}
    dependencies:
      tslib: 2.4.0
    dev: false

  /@formatjs/intl/2.3.1:
    resolution: {integrity: sha512-f06qZ/ukpeN24gc01qFjh3P+r3FU/ikY4yG+fDJu6dPNvpUQzDy98lYogA1dr6ig2UtrnoEk3xncyFPL1e9cZw==}
    peerDependencies:
      typescript: ^4.5
    peerDependenciesMeta:
      typescript:
        optional: true
    dependencies:
      '@formatjs/ecma402-abstract': 1.11.8
      '@formatjs/fast-memoize': 1.2.4
      '@formatjs/icu-messageformat-parser': 2.1.4
      '@formatjs/intl-displaynames': 6.0.3
      '@formatjs/intl-listformat': 7.0.3
      intl-messageformat: 10.1.1
      tslib: 2.4.0
    dev: false

  /@types/hoist-non-react-statics/3.3.1:
    resolution: {integrity: sha512-iMIqiko6ooLrTh1joXodJK5X9xeEALT1kM5G3ZLhD3hszxBdIEd5C75U834D9mLcINgD4OyZf5uQXjkuYydWvA==}
    dependencies:
      '@types/react': 18.0.15
      hoist-non-react-statics: 3.3.2
    dev: false

  /@types/js-cookie/2.2.7:
    resolution: {integrity: sha512-aLkWa0C0vO5b4Sr798E26QgOkss68Un0bLjs7u9qxzPT5CG+8DuNTffWES58YzJs3hrVAOs1wonycqEBqNJubA==}
    dev: false

  /@types/prop-types/15.7.5:
    resolution: {integrity: sha512-JCB8C6SnDoQf0cNycqd/35A7MjcnK+ZTqE7judS6o7utxUCg6imJg3QK2qzHKszlTjcj2cn+NwMB2i96ubpj7w==}

  /@types/react/18.0.15:
    resolution: {integrity: sha512-iz3BtLuIYH1uWdsv6wXYdhozhqj20oD4/Hk2DNXIn1kFsmp9x8d9QB6FnPhfkbhd2PgEONt9Q1x/ebkwjfFLow==}
    dependencies:
      '@types/prop-types': 15.7.5
      '@types/scheduler': 0.16.2
      csstype: 3.1.0

  /@types/scheduler/0.16.2:
    resolution: {integrity: sha512-hppQEBDmlwhFAXKJX2KnWLYu5yMfi91yazPb2l+lbJiwW+wdo1gNeRA+3RgNSO39WYX2euey41KEwnqesU2Jew==}

  /ahooks-v3-count/1.0.0:
    resolution: {integrity: sha512-V7uUvAwnimu6eh/PED4mCDjE7tokeZQLKlxg9lCTMPhN+NjsSbtdacByVlR1oluXQzD3MOw55wylDmQo4+S9ZQ==}
    dev: false

  /ahooks/3.6.2_react@18.2.0:
    resolution: {integrity: sha512-2OngdOqXcZ9pl85J/2grSXdnvPJwCGi0j7r6KFzPhBXsA7C8NI6emE+kFEe4h35zQY059Uk3BXxNq5UFRr8t4g==}
    engines: {node: '>=8.0.0'}
    peerDependencies:
      react: ^16.8.0 || ^17.0.0 || ^18.0.0
    dependencies:
      '@types/js-cookie': 2.2.7
      ahooks-v3-count: 1.0.0
      dayjs: 1.11.4
      intersection-observer: 0.12.2
      js-cookie: 2.2.1
      lodash: 4.17.21
      react: 18.2.0
      resize-observer-polyfill: 1.5.1
      screenfull: 5.2.0
    dev: false

  /csstype/3.1.0:
    resolution: {integrity: sha512-uX1KG+x9h5hIJsaKR9xHUeUraxf8IODOwq9JLNPq6BwB04a/xgpq3rcx47l5BZu5zBPlgD342tdke3Hom/nJRA==}

  /dayjs/1.11.4:
    resolution: {integrity: sha512-Zj/lPM5hOvQ1Bf7uAvewDaUcsJoI6JmNqmHhHl3nyumwe0XHwt8sWdOVAPACJzCebL8gQCi+K49w7iKWnGwX9g==}
    dev: false

  /hoist-non-react-statics/3.3.2:
    resolution: {integrity: sha512-/gGivxi8JPKWNm/W0jSmzcMPpfpPLc3dY/6GxhX2hQ9iGj3aDfklV4ET7NjKpSinLpJ5vafa9iiGIEZg10SfBw==}
    dependencies:
      react-is: 16.13.1
    dev: false

  /intersection-observer/0.12.2:
    resolution: {integrity: sha512-7m1vEcPCxXYI8HqnL8CKI6siDyD+eIWSwgB3DZA+ZTogxk9I4CDnj4wilt9x/+/QbHI4YG5YZNmC6458/e9Ktg==}
    dev: false

  /intl-messageformat/10.1.1:
    resolution: {integrity: sha512-FeJne2oooYW6shLPbrqyjRX6hTELVrQ90Dn88z7NomLk/xZBCLxLPAkgaYaTQJBRBV78nZ933d8APHHkTQrD9Q==}
    dependencies:
      '@formatjs/ecma402-abstract': 1.11.8
      '@formatjs/fast-memoize': 1.2.4
      '@formatjs/icu-messageformat-parser': 2.1.4
      tslib: 2.4.0
    dev: false

  /js-cookie/2.2.1:
    resolution: {integrity: sha512-HvdH2LzI/EAZcUwA8+0nKNtWHqS+ZmijLA30RwZA0bo7ToCckjK5MkGhjED9KoRcXO6BaGI3I9UIzSA1FKFPOQ==}
    dev: false

  /js-tokens/4.0.0:
    resolution: {integrity: sha512-RdJUflcE3cUzKiMqQgsCu06FPu9UdIJO0beYbPhHN4k6apgJtifcoCtT9bcxOpYBtpD2kCM6Sbzg4CausW/PKQ==}
    dev: false

  /lodash/4.17.21:
    resolution: {integrity: sha512-v2kDEe57lecTulaDIuNTPy3Ry4gLGJ6Z1O3vE1krgXZNrsQ+LFTGHVxVjcXPs17LhbZVGedAJv8XZ1tvj5FvSg==}
    dev: false

  /loose-envify/1.4.0:
    resolution: {integrity: sha512-lyuxPGr/Wfhrlem2CL/UcnUc1zcqKAImBDzukY7Y5F/yQiNdko6+fRLevlw1HgMySw7f611UIY408EtxRSoK3Q==}
    hasBin: true
    dependencies:
      js-tokens: 4.0.0
    dev: false

  /react-dom/18.2.0_react@18.2.0:
    resolution: {integrity: sha512-6IMTriUmvsjHUjNtEDudZfuDQUoWXVxKHhlEGSk81n4YFS+r/Kl99wXiwlVXtPBtJenozv2P+hxDsw9eA7Xo6g==}
    peerDependencies:
      react: ^18.2.0
    dependencies:
      loose-envify: 1.4.0
      react: 18.2.0
      scheduler: 0.23.0
    dev: false

  /react-intl/6.0.5_react@18.2.0:
    resolution: {integrity: sha512-nDZ3BosuE8WdovcGxsrjj1aIgJZklSL5aORs5oah+5tLQTzUdOEstzJEYQPM+sxl1dkDOu7RCuw0z9oI9ENf9g==}
    peerDependencies:
      react: ^16.6.0 || 17 || 18
      typescript: ^4.5
    peerDependenciesMeta:
      typescript:
        optional: true
    dependencies:
      '@formatjs/ecma402-abstract': 1.11.8
      '@formatjs/icu-messageformat-parser': 2.1.4
      '@formatjs/intl': 2.3.1
      '@formatjs/intl-displaynames': 6.0.3
      '@formatjs/intl-listformat': 7.0.3
      '@types/hoist-non-react-statics': 3.3.1
      '@types/react': 18.0.15
      hoist-non-react-statics: 3.3.2
      intl-messageformat: 10.1.1
      react: 18.2.0
      tslib: 2.4.0
    dev: false

  /react-is/16.13.1:
    resolution: {integrity: sha512-24e6ynE2H+OKt4kqsOvNd8kBpV65zoxbA4BVsEOB3ARVWQki/DHzaUoC5KuON/BiccDaCCTZBuOcfZs70kR8bQ==}
    dev: false

  /react/18.2.0:
    resolution: {integrity: sha512-/3IjMdb2L9QbBdWiW5e3P2/npwMBaU9mHCSCUzNln0ZCYbcfTsGbTJrU/kGemdH2IWmB2ioZ+zkxtmq6g09fGQ==}
    engines: {node: '>=0.10.0'}
    dependencies:
      loose-envify: 1.4.0
    dev: false

  /resize-observer-polyfill/1.5.1:
    resolution: {integrity: sha512-LwZrotdHOo12nQuZlHEmtuXdqGoOD0OhaxopaNFxWzInpEgaLWoVuAMbTzixuosCx2nEG58ngzW3vxdWoxIgdg==}
    dev: false

  /scheduler/0.23.0:
    resolution: {integrity: sha512-CtuThmgHNg7zIZWAXi3AsyIzA3n4xx7aNyjwC2VJldO2LMVDhFK+63xGqq6CsJH4rTAt6/M+N4GhZiDYPx9eUw==}
    dependencies:
      loose-envify: 1.4.0
    dev: false

  /screenfull/5.2.0:
    resolution: {integrity: sha512-9BakfsO2aUQN2K9Fdbj87RJIEZ82Q9IGim7FqM5OsebfoFC6ZHXgDq/KvniuLTPdeM8wY2o6Dj3WQ7KeQCj3cA==}
    engines: {node: '>=0.10.0'}
    dev: false

  /tslib/2.4.0:
    resolution: {integrity: sha512-d6xOpEDfsi2CZVlPQzGeux8XMwLT9hssAsaPYExaQMuYskwb+x1x7J371tWlbBdWHroy99KnVB6qIkUbs5X3UQ==}
    dev: false
